
Microsoft Visual Studio Solution File, Format Version 12.00
# Visual Studio 2013
VisualStudioVersion = 12.0.31101.0
MinimumVisualStudioVersion = 10.0.40219.1
Project("{FAE04EC0-301F-11D3-BF4B-00C04F79EFBC}") = "IBFree", "IBFree\IBFree.csproj", "{26AE8F8A-23B3-4494-9716-B2ACE9CE32CD}"
EndProject
Project("{CC5FD16D-436D-48AD-A40C-5A424C6E3E79}") = "IBFree.Azure", "IBFree.Azure\IBFree.Azure.ccproj", "{49ACCEFB-5BF5-421D-B9DA-DF1757B74764}"
EndProject
Global
	GlobalSection(SolutionConfigurationPlatforms) = preSolution
		Debug|Any CPU = Debug|Any CPU
		Release|Any CPU = Release|Any CPU
	EndGlobalSection
	GlobalSection(ProjectConfigurationPlatforms) = postSolution
		{26AE8F8A-23B3-4494-9716-B2ACE9CE32CD}.Debug|Any CPU.ActiveCfg = Debug|Any CPU
		{26AE8F8A-23B3-4494-9716-B2ACE9CE32CD}.Debug|Any CPU.Build.0 = Debug|Any CPU
		{26AE8F8A-23B3-4494-9716-B2ACE9CE32CD}.Release|Any CPU.ActiveCfg = Release|Any CPU
		{26AE8F8A-23B3-4494-9716-B2ACE9CE32CD}.Release|Any CPU.Build.0 = Release|Any CPU
		{49ACCEFB-5BF5-421D-B9DA-DF1757B74764}.Debug|Any CPU.ActiveCfg = Debug|Any CPU
		{49ACCEFB-5BF5-421D-B9DA-DF1757B74764}.Debug|Any CPU.Build.0 = Debug|Any CPU
		{49ACCEFB-5BF5-421D-B9DA-DF1757B74764}.Release|Any CPU.ActiveCfg = Release|Any CPU
		{49ACCEFB-5BF5-421D-B9DA-DF1757B74764}.Release|Any CPU.Build.0 = Release|Any CPU
	EndGlobalSection
	GlobalSection(SolutionProperties) = preSolution
		HideSolutionNode = FALSE
	EndGlobalSection
EndGlobal
